sln
Microsoft Visual Studio Solution File, Format Version 12.00
# Visual Studio Version 17
VisualStudioVersion = 17.0.31903.59
MinimumVisualStudioVersion = 10.0.40219.1
Project("{9A19103F-16F7-4668-BE54-9A1E7A4F7556}") = "API", "API\API.csproj", "{YOUR-API-PROJECT-GUID}"
EndProject
Project("{9A19103F-16F7-4668-BE54-9A1E7A4F7556}") = "Application", "Application\Application.csproj", "{YOUR-APPLICATION-PROJECT-GUID}"
EndProject
Project("{9A19103F-16F7-4668-BE54-9A1E7A4F7556}") = "Domain", "Domain\Domain.csproj", "{YOUR-DOMAIN-PROJECT-GUID}"
EndProject
Project("{9A19103F-16F7-4668-BE54-9A1E7A4F7556}") = "Infrastructure", "Infrastructure\Infrastructure.csproj", "{YOUR-INFRASTRUCTURE-PROJECT-GUID}"
EndProject
Project("{9A19103F-16F7-4668-BE54-9A1E7A4F7556}") = "Shared", "Shared\Shared.csproj", "{YOUR-SHARED-PROJECT-GUID}"
EndProject
Global
	GlobalSection(SolutionConfigurationPlatforms) = preSolution
		Debug|Any CPU = Debug|Any CPU
		Release|Any CPU = Release|Any CPU
	EndGlobalSection
	GlobalSection(ProjectConfigurationPlatforms) = postSolution
		{YOUR-API-PROJECT-GUID}.Debug|Any CPU.ActiveCfg = Debug|Any CPU
		{YOUR-API-PROJECT-GUID}.Debug|Any CPU.Build.0 = Debug|Any CPU
		{YOUR-API-PROJECT-GUID}.Release|Any CPU.ActiveCfg = Release|Any CPU
		{YOUR-API-PROJECT-GUID}.Release|Any CPU.Build.0 = Release|Any CPU
		{YOUR-APPLICATION-PROJECT-GUID}.Debug|Any CPU.ActiveCfg = Debug|Any CPU
		{YOUR-APPLICATION-PROJECT-GUID}.Debug|Any CPU.Build.0 = Debug|Any CPU
		{YOUR-APPLICATION-PROJECT-GUID}.Release|Any CPU.ActiveCfg = Release|Any CPU
		{YOUR-APPLICATION-PROJECT-GUID}.Release|Any CPU.Build.0 = Release|Any CPU
		{YOUR-DOMAIN-PROJECT-GUID}.Debug|Any CPU.ActiveCfg = Debug|Any CPU
		{YOUR-DOMAIN-PROJECT-GUID}.Debug|Any CPU.Build.0 = Debug|Any CPU
		{YOUR-DOMAIN-PROJECT-GUID}.Release|Any CPU.ActiveCfg = Release|Any CPU
		{YOUR-DOMAIN-PROJECT-GUID}.Release|Any CPU.Build.0 = Release|Any CPU
		{YOUR-INFRASTRUCTURE-PROJECT-GUID}.Debug|Any CPU.ActiveCfg = Debug|Any CPU
		{YOUR-INFRASTRUCTURE-PROJECT-GUID}.Debug|Any CPU.Build.0 = Debug|Any CPU
		{YOUR-INFRASTRUCTURE-PROJECT-GUID}.Release|Any CPU.ActiveCfg = Release|Any CPU
		{YOUR-INFRASTRUCTURE-PROJECT-GUID}.Release|Any CPU.Build.0 = Release|Any CPU
		{YOUR-SHARED-PROJECT-GUID}.Debug|Any CPU.ActiveCfg = Debug|Any CPU
		{YOUR-SHARED-PROJECT-GUID}.Debug|Any CPU.Build.0 = Debug|Any CPU
		{YOUR-SHARED-PROJECT-GUID}.Release|Any CPU.ActiveCfg = Release|Any CPU
		{YOUR-SHARED-PROJECT-GUID}.Release|Any CPU.Build.0 = Release|Any CPU
	EndGlobalSection
	GlobalSection(SolutionProperties) = preSolution
		HideSolutionNode = FALSE
	EndGlobalSection
EndGlobal